{
  "requires": true,
  "lockfileVersion": 1,
  "dependencies": {
    "split-grid": {
      "version": "1.0.9",
      "resolved": "https://registry.npmjs.org/split-grid/-/split-grid-1.0.9.tgz",
      "integrity": "sha512-D7Tgibf7ksIEZKxmAKbXb7kKFANcXRj9j2VgM097KIr146zMXErt9MIHQeEiRxL+HM7WwkJdDyPTxDDsSVUSBA=="
    }
  }
}
